
Microsoft Visual Studio Solution File, Format Version 12.00
# Visual Studio Version 17
VisualStudioVersion = 17.13.35825.156 d17.13
MinimumVisualStudioVersion = 10.0.40219.1
Project("{FAE04EC0-301F-11D3-BF4B-00C04F79EFBC}") = "IteratorList", "IteratorList\IteratorList.csproj", "{213AD89C-7E17-4FA2-9A95-DA366B9D2600}"
EndProject
Project("{FAE04EC0-301F-11D3-BF4B-00C04F79EFBC}") = "TreeIterator", "..\TreeIterator\TreeIterator\TreeIterator.csproj", "{6F572F6F-66EC-40BC-A1FC-7DDECD23CCDC}"
EndProject
Global
	GlobalSection(SolutionConfigurationPlatforms) = preSolution
		Debug|Any CPU = Debug|Any CPU
		Release|Any CPU = Release|Any CPU
	EndGlobalSection
	GlobalSection(ProjectConfigurationPlatforms) = postSolution
		{213AD89C-7E17-4FA2-9A95-DA366B9D2600}.Debug|Any CPU.ActiveCfg = Debug|Any CPU
		{213AD89C-7E17-4FA2-9A95-DA366B9D2600}.Debug|Any CPU.Build.0 = Debug|Any CPU
		{213AD89C-7E17-4FA2-9A95-DA366B9D2600}.Release|Any CPU.ActiveCfg = Release|Any CPU
		{213AD89C-7E17-4FA2-9A95-DA366B9D2600}.Release|Any CPU.Build.0 = Release|Any CPU
		{6F572F6F-66EC-40BC-A1FC-7DDECD23CCDC}.Debug|Any CPU.ActiveCfg = Debug|Any CPU
		{6F572F6F-66EC-40BC-A1FC-7DDECD23CCDC}.Debug|Any CPU.Build.0 = Debug|Any CPU
		{6F572F6F-66EC-40BC-A1FC-7DDECD23CCDC}.Release|Any CPU.ActiveCfg = Release|Any CPU
		{6F572F6F-66EC-40BC-A1FC-7DDECD23CCDC}.Release|Any CPU.Build.0 = Release|Any CPU
	EndGlobalSection
	GlobalSection(SolutionProperties) = preSolution
		HideSolutionNode = FALSE
	EndGlobalSection
	GlobalSection(ExtensibilityGlobals) = postSolution
		SolutionGuid = {764D83E1-1AB4-4FE9-B967-5BC7C03F09B5}
	EndGlobalSection
EndGlobal
